
Microsoft Visual Studio Solution File, Format Version 12.00
# Visual Studio Version 17
VisualStudioVersion = 17.5.002.0
MinimumVisualStudioVersion = 10.0.40219.1
Project("{9A19103F-16F7-4668-BE54-9A1E7A4F7556}") = "ExemploAPI", "ExemploAPI.csproj", "{DE237B95-2344-4233-B362-C4E3B7F8FD40}"
EndProject
Global
	GlobalSection(SolutionConfigurationPlatforms) = preSolution
		Debug|Any CPU = Debug|Any CPU
		Release|Any CPU = Release|Any CPU
	EndGlobalSection
	GlobalSection(ProjectConfigurationPlatforms) = postSolution
		{DE237B95-2344-4233-B362-C4E3B7F8FD40}.Debug|Any CPU.ActiveCfg = Debug|Any CPU
		{DE237B95-2344-4233-B362-C4E3B7F8FD40}.Debug|Any CPU.Build.0 = Debug|Any CPU
		{DE237B95-2344-4233-B362-C4E3B7F8FD40}.Release|Any CPU.ActiveCfg = Release|Any CPU
		{DE237B95-2344-4233-B362-C4E3B7F8FD40}.Release|Any CPU.Build.0 = Release|Any CPU
	EndGlobalSection
	GlobalSection(SolutionProperties) = preSolution
		HideSolutionNode = FALSE
	EndGlobalSection
	GlobalSection(ExtensibilityGlobals) = postSolution
		SolutionGuid = {3BD24D48-9FD5-46EB-8A04-BEA5988BC02B}
	EndGlobalSection
EndGlobal
